// !$*UTF8*$!
{
	archiveVersion = 1;
	classes = {
	};
	objectVersion = 51;
	objects = {

/* Begin PBXBuildFile section */
		1DBF1781736DD9893ACE51AA /* Pods_RestoranMenu_RestoranMenuUITests.framework in Frameworks */ = {isa = PBXBuildFile; fileRef = 74F46294E0CBB6A29581605E /* Pods_RestoranMenu_RestoranMenuUITests.framework */; };
		6C015211254C1AC200F72F50 /* MapViewController.swift in Sources */ = {isa = PBXBuildFile; fileRef = 6C015210254C1AC200F72F50 /* MapViewController.swift */; };
		6C015216254C1AE400F72F50 /* MapDetailsViewController.swift in Sources */ = {isa = PBXBuildFile; fileRef = 6C015215254C1AE400F72F50 /* MapDetailsViewController.swift */; };
		6C439427254F1E3C007F0A0C /* MapModel.swift in Sources */ = {isa = PBXBuildFile; fileRef = 6C439426254F1E3C007F0A0C /* MapModel.swift */; };
		6C439456254F6BBA007F0A0C /* UIView.swift in Sources */ = {isa = PBXBuildFile; fileRef = 6C439455254F6BBA007F0A0C /* UIView.swift */; };
		6C439461254F75C3007F0A0C /* MapDetailsModel.swift in Sources */ = {isa = PBXBuildFile; fileRef = 6C439460254F75C3007F0A0C /* MapDetailsModel.swift */; };
		6C597575253ECFC600F19B63 /* SideMenuViewController.swift in Sources */ = {isa = PBXBuildFile; fileRef = 6C597574253ECFC500F19B63 /* SideMenuViewController.swift */; };
		6C597585253EDB7200F19B63 /* SideMenuModel.swift in Sources */ = {isa = PBXBuildFile; fileRef = 6C597584253EDB7200F19B63 /* SideMenuModel.swift */; };
		6C6AB553253D721C00248D32 /* UIStoryboard.swift in Sources */ = {isa = PBXBuildFile; fileRef = 6C6AB552253D721C00248D32 /* UIStoryboard.swift */; };
		6C761427253D8C3A00175C0D /* NewStroyboard.storyboard in Resources */ = {isa = PBXBuildFile; fileRef = 6C761426253D8C3A00175C0D /* NewStroyboard.storyboard */; };
		6C768476253999810033112A /* AppDelegate.swift in Sources */ = {isa = PBXBuildFile; fileRef = 6C768475253999810033112A /* AppDelegate.swift */; };
		6C768478253999810033112A /* SceneDelegate.swift in Sources */ = {isa = PBXBuildFile; fileRef = 6C768477253999810033112A /* SceneDelegate.swift */; };
		6C76847D253999810033112A /* Main.storyboard in Resources */ = {isa = PBXBuildFile; fileRef = 6C76847B253999810033112A /* Main.storyboard */; };
		6C768480253999810033112A /* RestoranMenu.xcdatamodeld in Sources */ = {isa = PBXBuildFile; fileRef = 6C76847E253999810033112A /* RestoranMenu.xcdatamodeld */; };
		6C768482253999820033112A /* Images.xcassets in Resources */ = {isa = PBXBuildFile; fileRef = 6C768481253999820033112A /* Images.xcassets */; };
		6C768485253999820033112A /* LaunchScreen.storyboard in Resources */ = {isa = PBXBuildFile; fileRef = 6C768483253999820033112A /* LaunchScreen.storyboard */; };
		6C768490253999830033112A /* RestoranMenuTests.swift in Sources */ = {isa = PBXBuildFile; fileRef = 6C76848F253999830033112A /* RestoranMenuTests.swift */; };
		6C76849B253999830033112A /* RestoranMenuUITests.swift in Sources */ = {isa = PBXBuildFile; fileRef = 6C76849A253999830033112A /* RestoranMenuUITests.swift */; };
		6C7684B725399B250033112A /* MainViewController.swift in Sources */ = {isa = PBXBuildFile; fileRef = 6C7684B625399B250033112A /* MainViewController.swift */; };
		6C7684C025399C280033112A /* MainCollectionViewCell.swift in Sources */ = {isa = PBXBuildFile; fileRef = 6C7684BF25399C280033112A /* MainCollectionViewCell.swift */; };
		6C7684C82539A6590033112A /* NavigationBar.swift in Sources */ = {isa = PBXBuildFile; fileRef = 6C7684C72539A6590033112A /* NavigationBar.swift */; };
		6C76850F2539BF5F0033112A /* DetailsViewController.swift in Sources */ = {isa = PBXBuildFile; fileRef = 6C76850E2539BF5F0033112A /* DetailsViewController.swift */; };
		6C7685142539C2C10033112A /* DetailsCollectionViewCell.swift in Sources */ = {isa = PBXBuildFile; fileRef = 6C7685132539C2C10033112A /* DetailsCollectionViewCell.swift */; };
		6C76851A2539CD850033112A /* Extentions .swift in Sources */ = {isa = PBXBuildFile; fileRef = 6C7685192539CD850033112A /* Extentions .swift */; };
		6C7685262539D5980033112A /* DetailsModel.swift in Sources */ = {isa = PBXBuildFile; fileRef = 6C7685252539D5980033112A /* DetailsModel.swift */; };
		6C8E3D19254AFEDD0032671B /* AppIcons.xcassets in Resources */ = {isa = PBXBuildFile; fileRef = 6C8E3D18254AFEDD0032671B /* AppIcons.xcassets */; };
		6C8E3D1E254AFF000032671B /* UIColor.xcassets in Resources */ = {isa = PBXBuildFile; fileRef = 6C8E3D1D254AFF000032671B /* UIColor.xcassets */; };
		6C8E3D26254B01770032671B /* MainModel.swift in Sources */ = {isa = PBXBuildFile; fileRef = 6C8E3D25254B01770032671B /* MainModel.swift */; };
		6C8E3D36254B0E740032671B /* UIColor.swift in Sources */ = {isa = PBXBuildFile; fileRef = 6C8E3D35254B0E740032671B /* UIColor.swift */; };
		8B5589F60F9DCFBCF80D4BBC /* Pods_RestoranMenu.framework in Frameworks */ = {isa = PBXBuildFile; fileRef = F6A7EE580B1BA59E63E42155 /* Pods_RestoranMenu.framework */; };
		A8F487F3B3E7568D85C40565 /* Pods_RestoranMenuTests.framework in Frameworks */ = {isa = PBXBuildFile; fileRef = 440B110A6EDA303824D04C2C /* Pods_RestoranMenuTests.framework */; };
/* End PBXBuildFile section */

/* Begin PBXContainerItemProxy section */
		6C76848C253999830033112A /* PBXContainerItemProxy */ = {
			isa = PBXContainerItemProxy;
			containerPortal = 6C76846A253999810033112A /* Project object */;
			proxyType = 1;
			remoteGlobalIDString = 6C768471253999810033112A;
			remoteInfo = RestoranMenu;
		};
		6C768497253999830033112A /* PBXContainerItemProxy */ = {
			isa = PBXContainerItemProxy;
			containerPortal = 6C76846A253999810033112A /* Project object */;
			proxyType = 1;
			remoteGlobalIDString = 6C768471253999810033112A;
			remoteInfo = RestoranMenu;
		};
/* End PBXContainerItemProxy section */

/* Begin PBXFileReference section */
		440B110A6EDA303824D04C2C /* Pods_RestoranMenuTests.framework */ = {isa = PBXFileReference; explicitFileType = wrapper.framework; includeInIndex = 0; path = Pods_RestoranMenuTests.framework; sourceTree = BUILT_PRODUCTS_DIR; };
		55784CC39CBCAD5FC2DD314F /* Pods-RestoranMenu.release.xcconfig */ = {isa = PBXFileReference; includeInIndex = 1; lastKnownFileType = text.xcconfig; name = "Pods-RestoranMenu.release.xcconfig"; path = "Target Support Files/Pods-RestoranMenu/Pods-RestoranMenu.release.xcconfig"; sourceTree = "<group>"; };
		6C015210254C1AC200F72F50 /* MapViewController.swift */ = {isa = PBXFileReference; lastKnownFileType = sourcecode.swift; path = MapViewController.swift; sourceTree = "<group>"; };
		6C015215254C1AE400F72F50 /* MapDetailsViewController.swift */ = {isa = PBXFileReference; lastKnownFileType = sourcecode.swift; path = MapDetailsViewController.swift; sourceTree = "<group>"; };
		6C439426254F1E3C007F0A0C /* MapModel.swift */ = {isa = PBXFileReference; lastKnownFileType = sourcecode.swift; path = MapModel.swift; sourceTree = "<group>"; };
		6C439455254F6BBA007F0A0C /* UIView.swift */ = {isa = PBXFileReference; lastKnownFileType = sourcecode.swift; path = UIView.swift; sourceTree = "<group>"; };
		6C439460254F75C3007F0A0C /* MapDetailsModel.swift */ = {isa = PBXFileReference; lastKnownFileType = sourcecode.swift; path = MapDetailsModel.swift; sourceTree = "<group>"; };
		6C597574253ECFC500F19B63 /* SideMenuViewController.swift */ = {isa = PBXFileReference; lastKnownFileType = sourcecode.swift; path = SideMenuViewController.swift; sourceTree = "<group>"; };
		6C597584253EDB7200F19B63 /* SideMenuModel.swift */ = {isa = PBXFileReference; lastKnownFileType = sourcecode.swift; path = SideMenuModel.swift; sourceTree = "<group>"; };
		6C6AB552253D721C00248D32 /* UIStoryboard.swift */ = {isa = PBXFileReference; lastKnownFileType = sourcecode.swift; path = UIStoryboard.swift; sourceTree = "<group>"; };
		6C761426253D8C3A00175C0D /* NewStroyboard.storyboard */ = {isa = PBXFileReference; lastKnownFileType = file.storyboard; path = NewStroyboard.storyboard; sourceTree = "<group>"; };
		6C768472253999810033112A /* RestoranMenu.app */ = {isa = PBXFileReference; explicitFileType = wrapper.application; includeInIndex = 0; path = RestoranMenu.app; sourceTree = BUILT_PRODUCTS_DIR; };
		6C768475253999810033112A /* AppDelegate.swift */ = {isa = PBXFileReference; lastKnownFileType = sourcecode.swift; path = AppDelegate.swift; sourceTree = "<group>"; };
		6C768477253999810033112A /* SceneDelegate.swift */ = {isa = PBXFileReference; lastKnownFileType = sourcecode.swift; path = SceneDelegate.swift; sourceTree = "<group>"; };
		6C76847C253999810033112A /* Base */ = {isa = PBXFileReference; lastKnownFileType = file.storyboard; name = Base; path = Base.lproj/Main.storyboard; sourceTree = "<group>"; };
		6C76847F253999810033112A /* RestoranMenu.xcdatamodel */ = {isa = PBXFileReference; lastKnownFileType = wrapper.xcdatamodel; path = RestoranMenu.xcdatamodel; sourceTree = "<group>"; };
		6C768481253999820033112A /* Images.xcassets */ = {isa = PBXFileReference; lastKnownFileType = folder.assetcatalog; path = Images.xcassets; sourceTree = "<group>"; };
		6C768484253999820033112A /* Base */ = {isa = PBXFileReference; lastKnownFileType = file.storyboard; name = Base; path = Base.lproj/LaunchScreen.storyboard; sourceTree = "<group>"; };
		6C768486253999820033112A /* Info.plist */ = {isa = PBXFileReference; lastKnownFileType = text.plist.xml; path = Info.plist; sourceTree = "<group>"; };
		6C76848B253999830033112A /* RestoranMenuTests.xctest */ = {isa = PBXFileReference; explicitFileType = wrapper.cfbundle; includeInIndex = 0; path = RestoranMenuTests.xctest; sourceTree = BUILT_PRODUCTS_DIR; };
		6C76848F253999830033112A /* RestoranMenuTests.swift */ = {isa = PBXFileReference; lastKnownFileType = sourcecode.swift; path = RestoranMenuTests.swift; sourceTree = "<group>"; };
		6C768491253999830033112A /* Info.plist */ = {isa = PBXFileReference; lastKnownFileType = text.plist.xml; path = Info.plist; sourceTree = "<group>"; };
		6C768496253999830033112A /* RestoranMenuUITests.xctest */ = {isa = PBXFileReference; explicitFileType = wrapper.cfbundle; includeInIndex = 0; path = RestoranMenuUITests.xctest; sourceTree = BUILT_PRODUCTS_DIR; };
		6C76849A253999830033112A /* RestoranMenuUITests.swift */ = {isa = PBXFileReference; lastKnownFileType = sourcecode.swift; path = RestoranMenuUITests.swift; sourceTree = "<group>"; };
		6C76849C253999830033112A /* Info.plist */ = {isa = PBXFileReference; lastKnownFileType = text.plist.xml; path = Info.plist; sourceTree = "<group>"; };
		6C7684B625399B250033112A /* MainViewController.swift */ = {isa = PBXFileReference; lastKnownFileType = sourcecode.swift; path = MainViewController.swift; sourceTree = "<group>"; };
		6C7684BF25399C280033112A /* MainCollectionViewCell.swift */ = {isa = PBXFileReference; lastKnownFileType = sourcecode.swift; path = MainCollectionViewCell.swift; sourceTree = "<group>"; };
		6C7684C72539A6590033112A /* NavigationBar.swift */ = {isa = PBXFileReference; lastKnownFileType = sourcecode.swift; path = NavigationBar.swift; sourceTree = "<group>"; };
		6C76850E2539BF5F0033112A /* DetailsViewController.swift */ = {isa = PBXFileReference; lastKnownFileType = sourcecode.swift; path = DetailsViewController.swift; sourceTree = "<group>"; };
		6C7685132539C2C10033112A /* DetailsCollectionViewCell.swift */ = {isa = PBXFileReference; lastKnownFileType = sourcecode.swift; path = DetailsCollectionViewCell.swift; sourceTree = "<group>"; };
		6C7685192539CD850033112A /* Extentions .swift */ = {isa = PBXFileReference; lastKnownFileType = sourcecode.swift; path = "Extentions .swift"; sourceTree = "<group>"; };
		6C7685252539D5980033112A /* DetailsModel.swift */ = {isa = PBXFileReference; lastKnownFileType = sourcecode.swift; path = DetailsModel.swift; sourceTree = "<group>"; };
		6C8E3D18254AFEDD0032671B /* AppIcons.xcassets */ = {isa = PBXFileReference; lastKnownFileType = folder.assetcatalog; path = AppIcons.xcassets; sourceTree = "<group>"; };
		6C8E3D1D254AFF000032671B /* UIColor.xcassets */ = {isa = PBXFileReference; lastKnownFileType = folder.assetcatalog; path = UIColor.xcassets; sourceTree = "<group>"; };
		6C8E3D25254B01770032671B /* MainModel.swift */ = {isa = PBXFileReference; lastKnownFileType = sourcecode.swift; path = MainModel.swift; sourceTree = "<group>"; };
		6C8E3D35254B0E740032671B /* UIColor.swift */ = {isa = PBXFileReference; lastKnownFileType = sourcecode.swift; path = UIColor.swift; sourceTree = "<group>"; };
		74F46294E0CBB6A29581605E /* Pods_RestoranMenu_RestoranMenuUITests.framework */ = {isa = PBXFileReference; explicitFileType = wrapper.framework; includeInIndex = 0; path = Pods_RestoranMenu_RestoranMenuUITests.framework; sourceTree = BUILT_PRODUCTS_DIR; };
		8EC76CDFFABBB419094C8EC6 /* Pods-RestoranMenu.debug.xcconfig */ = {isa = PBXFileReference; includeInIndex = 1; lastKnownFileType = text.xcconfig; name = "Pods-RestoranMenu.debug.xcconfig"; path = "Target Support Files/Pods-RestoranMenu/Pods-RestoranMenu.debug.xcconfig"; sourceTree = "<group>"; };
		B04E8F8E6B19972FB775FE8D /* Pods-RestoranMenu-RestoranMenuUITests.debug.xcconfig */ = {isa = PBXFileReference; includeInIndex = 1; lastKnownFileType = text.xcconfig; name = "Pods-RestoranMenu-RestoranMenuUITests.debug.xcconfig"; path = "Target Support Files/Pods-RestoranMenu-RestoranMenuUITests/Pods-RestoranMenu-RestoranMenuUITests.debug.xcconfig"; sourceTree = "<group>"; };
		D8FFA54A1266239A804E1656 /* Pods-RestoranMenuTests.release.xcconfig */ = {isa = PBXFileReference; includeInIndex = 1; lastKnownFileType = text.xcconfig; name = "Pods-RestoranMenuTests.release.xcconfig"; path = "Target Support Files/Pods-RestoranMenuTests/Pods-RestoranMenuTests.release.xcconfig"; sourceTree = "<group>"; };
		ECF6DB2ECE15CE988667C3CD /* Pods-RestoranMenu-RestoranMenuUITests.release.xcconfig */ = {isa = PBXFileReference; includeInIndex = 1; lastKnownFileType = text.xcconfig; name = "Pods-RestoranMenu-RestoranMenuUITests.release.xcconfig"; path = "Target Support Files/Pods-RestoranMenu-RestoranMenuUITests/Pods-RestoranMenu-RestoranMenuUITests.release.xcconfig"; sourceTree = "<group>"; };
		F6A7EE580B1BA59E63E42155 /* Pods_RestoranMenu.framework */ = {isa = PBXFileReference; explicitFileType = wrapper.framework; includeInIndex = 0; path = Pods_RestoranMenu.framework; sourceTree = BUILT_PRODUCTS_DIR; };
		F7E0A769B62CFB6FC94E1CA8 /* Pods-RestoranMenuTests.debug.xcconfig */ = {isa = PBXFileReference; includeInIndex = 1; lastKnownFileType = text.xcconfig; name = "Pods-RestoranMenuTests.debug.xcconfig"; path = "Target Support Files/Pods-RestoranMenuTests/Pods-RestoranMenuTests.debug.xcconfig"; sourceTree = "<group>"; };
/* End PBXFileReference section */

/* Begin PBXFrameworksBuildPhase section */
		6C76846F253999810033112A /* Frameworks */ = {
			isa = PBXFrameworksBuildPhase;
			buildActionMask = 2147483647;
			files = (
				8B5589F60F9DCFBCF80D4BBC /* Pods_RestoranMenu.framework in Frameworks */,
			);
			runOnlyForDeploymentPostprocessing = 0;
		};
		6C768488253999830033112A /* Frameworks */ = {
			isa = PBXFrameworksBuildPhase;
			buildActionMask = 2147483647;
			files = (
				A8F487F3B3E7568D85C40565 /* Pods_RestoranMenuTests.framework in Frameworks */,
			);
			runOnlyForDeploymentPostprocessing = 0;
		};
		6C768493253999830033112A /* Frameworks */ = {
			isa = PBXFrameworksBuildPhase;
			buildActionMask = 2147483647;
			files = (
				1DBF1781736DD9893ACE51AA /* Pods_RestoranMenu_RestoranMenuUITests.framework in Frameworks */,
			);
			runOnlyForDeploymentPostprocessing = 0;
		};
/* End PBXFrameworksBuildPhase section */

/* Begin PBXGroup section */
		6C015206254C0FAB00F72F50 /* UI */ = {
			isa = PBXGroup;
			children = (
				6C7685192539CD850033112A /* Extentions .swift */,
				6C6AB552253D721C00248D32 /* UIStoryboard.swift */,
				6C8E3D35254B0E740032671B /* UIColor.swift */,
				6C439455254F6BBA007F0A0C /* UIView.swift */,
			);
			path = UI;
			sourceTree = "<group>";
		};
		6C43941F254F1D3F007F0A0C /* Home */ = {
			isa = PBXGroup;
			children = (
				6C7684B625399B250033112A /* MainViewController.swift */,
			);
			path = Home;
			sourceTree = "<group>";
		};
		6C439420254F1D4C007F0A0C /* Details */ = {
			isa = PBXGroup;
			children = (
				6C76850E2539BF5F0033112A /* DetailsViewController.swift */,
			);
			path = Details;
			sourceTree = "<group>";
		};
		6C439421254F1D55007F0A0C /* SideMenu */ = {
			isa = PBXGroup;
			children = (
				6C597574253ECFC500F19B63 /* SideMenuViewController.swift */,
			);
			path = SideMenu;
			sourceTree = "<group>";
		};
		6C439422254F1D5D007F0A0C /* Map */ = {
			isa = PBXGroup;
			children = (
				6C015210254C1AC200F72F50 /* MapViewController.swift */,
				6C015215254C1AE400F72F50 /* MapDetailsViewController.swift */,
			);
			path = Map;
			sourceTree = "<group>";
		};
		6C43942E254F29EB007F0A0C /* Supporting Files */ = {
			isa = PBXGroup;
			children = (
				6C8E3D11254AFD7B0032671B /* Assets */,
				6C8E3D12254AFDA30032671B /* Plist */,
				6C8E3D14254AFE280032671B /* NavigationBar */,
			);
			path = "Supporting Files";
			sourceTree = "<group>";
		};
		6C768469253999810033112A = {
			isa = PBXGroup;
			children = (
				6C768474253999810033112A /* RestoranMenu */,
				6C76848E253999830033112A /* RestoranMenuTests */,
				6C768499253999830033112A /* RestoranMenuUITests */,
				6C768473253999810033112A /* Products */,
				C9C1E21D3E09FA4658851F06 /* Pods */,
				77A2694DC2DC8E12693CC0CD /* Frameworks */,
			);
			sourceTree = "<group>";
		};
		6C768473253999810033112A /* Products */ = {
			isa = PBXGroup;
			children = (
				6C768472253999810033112A /* RestoranMenu.app */,
				6C76848B253999830033112A /* RestoranMenuTests.xctest */,
				6C768496253999830033112A /* RestoranMenuUITests.xctest */,
			);
			name = Products;
			sourceTree = "<group>";
		};
		6C768474253999810033112A /* RestoranMenu */ = {
			isa = PBXGroup;
			children = (
				6CE7DC2025516B3F00D01149 /* Storyboards */,
				6C43942E254F29EB007F0A0C /* Supporting Files */,
				6C7685242539D5740033112A /* Model */,
				6C8E3D0F254AFD1E0032671B /* Extensions */,
				6C8E3D13254AFE0E0032671B /* CollectionViewCell */,
				6C8E3D10254AFD6C0032671B /* Scene */,
				6CE7DC2525516C3C00D01149 /* XcDataModeld */,
				6CE7DC2125516B7600D01149 /* Delegate */,
			);
			path = RestoranMenu;
			sourceTree = "<group>";
		};
		6C76848E253999830033112A /* RestoranMenuTests */ = {
			isa = PBXGroup;
			children = (
				6C76848F253999830033112A /* RestoranMenuTests.swift */,
				6C768491253999830033112A /* Info.plist */,
			);
			path = RestoranMenuTests;
			sourceTree = "<group>";
		};
		6C768499253999830033112A /* RestoranMenuUITests */ = {
			isa = PBXGroup;
			children = (
				6C76849A253999830033112A /* RestoranMenuUITests.swift */,
				6C76849C253999830033112A /* Info.plist */,
			);
			path = RestoranMenuUITests;
			sourceTree = "<group>";
		};
		6C7685242539D5740033112A /* Model */ = {
			isa = PBXGroup;
			children = (
				6C8E3D25254B01770032671B /* MainModel.swift */,
				6C7685252539D5980033112A /* DetailsModel.swift */,
				6C597584253EDB7200F19B63 /* SideMenuModel.swift */,
				6C439426254F1E3C007F0A0C /* MapModel.swift */,
				6C439460254F75C3007F0A0C /* MapDetailsModel.swift */,
			);
			path = Model;
			sourceTree = "<group>";
		};
		6C8E3D0F254AFD1E0032671B /* Extensions */ = {
			isa = PBXGroup;
			children = (
				6C015206254C0FAB00F72F50 /* UI */,
			);
			path = Extensions;
			sourceTree = "<group>";
		};
		6C8E3D10254AFD6C0032671B /* Scene */ = {
			isa = PBXGroup;
			children = (
				6C43941F254F1D3F007F0A0C /* Home */,
				6C439420254F1D4C007F0A0C /* Details */,
				6C439421254F1D55007F0A0C /* SideMenu */,
				6C439422254F1D5D007F0A0C /* Map */,
			);
			path = Scene;
			sourceTree = "<group>";
		};
		6C8E3D11254AFD7B0032671B /* Assets */ = {
			isa = PBXGroup;
			children = (
				6C768481253999820033112A /* Images.xcassets */,
				6C8E3D18254AFEDD0032671B /* AppIcons.xcassets */,
				6C8E3D1D254AFF000032671B /* UIColor.xcassets */,
			);
			path = Assets;
			sourceTree = "<group>";
		};
		6C8E3D12254AFDA30032671B /* Plist */ = {
			isa = PBXGroup;
			children = (
				6C768486253999820033112A /* Info.plist */,
			);
			path = Plist;
			sourceTree = "<group>";
		};
		6C8E3D13254AFE0E0032671B /* CollectionViewCell */ = {
			isa = PBXGroup;
			children = (
				6C7684BF25399C280033112A /* MainCollectionViewCell.swift */,
				6C7685132539C2C10033112A /* DetailsCollectionViewCell.swift */,
			);
			path = CollectionViewCell;
			sourceTree = "<group>";
		};
		6C8E3D14254AFE280032671B /* NavigationBar */ = {
			isa = PBXGroup;
			children = (
				6C7684C72539A6590033112A /* NavigationBar.swift */,
			);
			path = NavigationBar;
			sourceTree = "<group>";
		};
		6CE7DC2025516B3F00D01149 /* Storyboards */ = {
			isa = PBXGroup;
			children = (
				6C768483253999820033112A /* LaunchScreen.storyboard */,
				6C761426253D8C3A00175C0D /* NewStroyboard.storyboard */,
				6C76847B253999810033112A /* Main.storyboard */,
			);
			path = Storyboards;
			sourceTree = "<group>";
		};
		6CE7DC2125516B7600D01149 /* Delegate */ = {
			isa = PBXGroup;
			children = (
				6C768475253999810033112A /* AppDelegate.swift */,
				6C768477253999810033112A /* SceneDelegate.swift */,
			);
			path = Delegate;
			sourceTree = "<group>";
		};
		6CE7DC2525516C3C00D01149 /* XcDataModeld */ = {
			isa = PBXGroup;
			children = (
				6C76847E253999810033112A /* RestoranMenu.xcdatamodeld */,
			);
			path = XcDataModeld;
			sourceTree = "<group>";
		};
		77A2694DC2DC8E12693CC0CD /* Frameworks */ = {
			isa = PBXGroup;
			children = (
				F6A7EE580B1BA59E63E42155 /* Pods_RestoranMenu.framework */,
				74F46294E0CBB6A29581605E /* Pods_RestoranMenu_RestoranMenuUITests.framework */,
				440B110A6EDA303824D04C2C /* Pods_RestoranMenuTests.framework */,
			);
			name = Frameworks;
			sourceTree = "<group>";
		};
		C9C1E21D3E09FA4658851F06 /* Pods */ = {
			isa = PBXGroup;
			children = (
				8EC76CDFFABBB419094C8EC6 /* Pods-RestoranMenu.debug.xcconfig */,
				55784CC39CBCAD5FC2DD314F /* Pods-RestoranMenu.release.xcconfig */,
				B04E8F8E6B19972FB775FE8D /* Pods-RestoranMenu-RestoranMenuUITests.debug.xcconfig */,
				ECF6DB2ECE15CE988667C3CD /* Pods-RestoranMenu-RestoranMenuUITests.release.xcconfig */,
				F7E0A769B62CFB6FC94E1CA8 /* Pods-RestoranMenuTests.debug.xcconfig */,
				D8FFA54A1266239A804E1656 /* Pods-RestoranMenuTests.release.xcconfig */,
			);
			path = Pods;
			sourceTree = "<group>";
		};
/* End PBXGroup section */

/* Begin PBXNativeTarget section */
		6C768471253999810033112A /* RestoranMenu */ = {
			isa = PBXNativeTarget;
			buildConfigurationList = 6C76849F253999830033112A /* Build configuration list for PBXNativeTarget "RestoranMenu" */;
			buildPhases = (
				E3F748B3A6F9FF8F63468722 /* [CP] Check Pods Manifest.lock */,
				6C76846E253999810033112A /* Sources */,
				6C76846F253999810033112A /* Frameworks */,
				6C768470253999810033112A /* Resources */,
				48DB712B201E968CE64789B1 /* [CP] Embed Pods Frameworks */,
			);
			buildRules = (
			);
			dependencies = (
			);
			name = RestoranMenu;
			productName = RestoranMenu;
			productReference = 6C768472253999810033112A /* RestoranMenu.app */;
			productType = "com.apple.product-type.application";
		};
		6C76848A253999830033112A /* RestoranMenuTests */ = {
			isa = PBXNativeTarget;
			buildConfigurationList = 6C7684A2253999830033112A /* Build configuration list for PBXNativeTarget "RestoranMenuTests" */;
			buildPhases = (
				C8ACC03402430A3B35024A7D /* [CP] Check Pods Manifest.lock */,
				6C768487253999830033112A /* Sources */,
				6C768488253999830033112A /* Frameworks */,
				6C768489253999830033112A /* Resources */,
			);
			buildRules = (
			);
			dependencies = (
				6C76848D253999830033112A /* PBXTargetDependency */,
			);
			name = RestoranMenuTests;
			productName = RestoranMenuTests;
			productReference = 6C76848B253999830033112A /* RestoranMenuTests.xctest */;
			productType = "com.apple.product-type.bundle.unit-test";
		};
		6C768495253999830033112A /* RestoranMenuUITests */ = {
			isa = PBXNativeTarget;
			buildConfigurationList = 6C7684A5253999830033112A /* Build configuration list for PBXNativeTarget "RestoranMenuUITests" */;
			buildPhases = (
				4C26CF5910866D56F309757B /* [CP] Check Pods Manifest.lock */,
				6C768492253999830033112A /* Sources */,
				6C768493253999830033112A /* Frameworks */,
				6C768494253999830033112A /* Resources */,
				6AD4FB30DF6BEF18C69872B9 /* [CP] Embed Pods Frameworks */,
			);
			buildRules = (
			);
			dependencies = (
				6C768498253999830033112A /* PBXTargetDependency */,
			);
			name = RestoranMenuUITests;
			productName = RestoranMenuUITests;
			productReference = 6C768496253999830033112A /* RestoranMenuUITests.xctest */;
			productType = "com.apple.product-type.bundle.ui-testing";
		};
/* End PBXNativeTarget section */

/* Begin PBXProject section */
		6C76846A253999810033112A /* Project object */ = {
			isa = PBXProject;
			attributes = {
				LastSwiftUpdateCheck = 1200;
				LastUpgradeCheck = 1200;
				TargetAttributes = {
					6C768471253999810033112A = {
						CreatedOnToolsVersion = 12.0.1;
					};
					6C76848A253999830033112A = {
						CreatedOnToolsVersion = 12.0.1;
						TestTargetID = 6C768471253999810033112A;
					};
					6C768495253999830033112A = {
						CreatedOnToolsVersion = 12.0.1;
						TestTargetID = 6C768471253999810033112A;
					};
				};
			};
			buildConfigurationList = 6C76846D253999810033112A /* Build configuration list for PBXProject "RestoranMenu" */;
			compatibilityVersion = "Xcode 9.3";
			developmentRegion = en;
			hasScannedForEncodings = 0;
			knownRegions = (
				en,
				Base,
			);
			mainGroup = 6C768469253999810033112A;
			productRefGroup = 6C768473253999810033112A /* Products */;
			projectDirPath = "";
			projectRoot = "";
			targets = (
				6C768471253999810033112A /* RestoranMenu */,
				6C76848A253999830033112A /* RestoranMenuTests */,
				6C768495253999830033112A /* RestoranMenuUITests */,
			);
		};
/* End PBXProject section */

/* Begin PBXResourcesBuildPhase section */
		6C768470253999810033112A /* Resources */ = {
			isa = PBXResourcesBuildPhase;
			buildActionMask = 2147483647;
			files = (
				6C8E3D1E254AFF000032671B /* UIColor.xcassets in Resources */,
				6C8E3D19254AFEDD0032671B /* AppIcons.xcassets in Resources */,
				6C768485253999820033112A /* LaunchScreen.storyboard in Resources */,
				6C768482253999820033112A /* Images.xcassets in Resources */,
				6C761427253D8C3A00175C0D /* NewStroyboard.storyboard in Resources */,
				6C76847D253999810033112A /* Main.storyboard in Resources */,
			);
			runOnlyForDeploymentPostprocessing = 0;
		};
		6C768489253999830033112A /* Resources */ = {
			isa = PBXResourcesBuildPhase;
			buildActionMask = 2147483647;
			files = (
			);
			runOnlyForDeploymentPostprocessing = 0;
		};
		6C768494253999830033112A /* Resources */ = {
			isa = PBXResourcesBuildPhase;
			buildActionMask = 2147483647;
			files = (
			);
			runOnlyForDeploymentPostprocessing = 0;
		};
/* End PBXResourcesBuildPhase section */

/* Begin PBXShellScriptBuildPhase section */
		48DB712B201E968CE64789B1 /* [CP] Embed Pods Frameworks */ = {
			isa = PBXShellScriptBuildPhase;
			buildActionMask = 2147483647;
			files = (
			);
			inputFileListPaths = (
				"${PODS_ROOT}/Target Support Files/Pods-RestoranMenu/Pods-RestoranMenu-frameworks-${CONFIGURATION}-input-files.xcfilelist",
			);
			name = "[CP] Embed Pods Frameworks";
			outputFileListPaths = (
				"${PODS_ROOT}/Target Support Files/Pods-RestoranMenu/Pods-RestoranMenu-frameworks-${CONFIGURATION}-output-files.xcfilelist",
			);
			runOnlyForDeploymentPostprocessing = 0;
			shellPath = /bin/sh;
			shellScript = "\"${PODS_ROOT}/Target Support Files/Pods-RestoranMenu/Pods-RestoranMenu-frameworks.sh\"\n";
			showEnvVarsInLog = 0;
		};
		4C26CF5910866D56F309757B /* [CP] Check Pods Manifest.lock */ = {
			isa = PBXShellScriptBuildPhase;
			buildActionMask = 2147483647;
			files = (
			);
			inputFileListPaths = (
			);
			inputPaths = (
				"${PODS_PODFILE_DIR_PATH}/Podfile.lock",
				"${PODS_ROOT}/Manifest.lock",
			);
			name = "[CP] Check Pods Manifest.lock";
			outputFileListPaths = (
			);
			outputPaths = (
				"$(DERIVED_FILE_DIR)/Pods-RestoranMenu-RestoranMenuUITests-checkManifestLockResult.txt",
			);
			runOnlyForDeploymentPostprocessing = 0;
			shellPath = /bin/sh;
			shellScript = "diff \"${PODS_PODFILE_DIR_PATH}/Podfile.lock\" \"${PODS_ROOT}/Manifest.lock\" > /dev/null\nif [ $? != 0 ] ; then\n    # print error to STDERR\n    echo \"error: The sandbox is not in sync with the Podfile.lock. Run 'pod install' or update your CocoaPods installation.\" >&2\n    exit 1\nfi\n# This output is used by Xcode 'outputs' to avoid re-running this script phase.\necho \"SUCCESS\" > \"${SCRIPT_OUTPUT_FILE_0}\"\n";
			showEnvVarsInLog = 0;
		};
		6AD4FB30DF6BEF18C69872B9 /* [CP] Embed Pods Frameworks */ = {
			isa = PBXShellScriptBuildPhase;
			buildActionMask = 2147483647;
			files = (
			);
			inputFileListPaths = (
				"${PODS_ROOT}/Target Support Files/Pods-RestoranMenu-RestoranMenuUITests/Pods-RestoranMenu-RestoranMenuUITests-frameworks-${CONFIGURATION}-input-files.xcfilelist",
			);
			name = "[CP] Embed Pods Frameworks";
			outputFileListPaths = (
				"${PODS_ROOT}/Target Support Files/Pods-RestoranMenu-RestoranMenuUITests/Pods-RestoranMenu-RestoranMenuUITests-frameworks-${CONFIGURATION}-output-files.xcfilelist",
			);
			runOnlyForDeploymentPostprocessing = 0;
			shellPath = /bin/sh;
			shellScript = "\"${PODS_ROOT}/Target Support Files/Pods-RestoranMenu-RestoranMenuUITests/Pods-RestoranMenu-RestoranMenuUITests-frameworks.sh\"\n";
			showEnvVarsInLog = 0;
		};
		C8ACC03402430A3B35024A7D /* [CP] Check Pods Manifest.lock */ = {
			isa = PBXShellScriptBuildPhase;
			buildActionMask = 2147483647;
			files = (
			);
			inputFileListPaths = (
			);
			inputPaths = (
				"${PODS_PODFILE_DIR_PATH}/Podfile.lock",
				"${PODS_ROOT}/Manifest.lock",
			);
			name = "[CP] Check Pods Manifest.lock";
			outputFileListPaths = (
			);
			outputPaths = (
				"$(DERIVED_FILE_DIR)/Pods-RestoranMenuTests-checkManifestLockResult.txt",
			);
			runOnlyForDeploymentPostprocessing = 0;
			shellPath = /bin/sh;
			shellScript = "diff \"${PODS_PODFILE_DIR_PATH}/Podfile.lock\" \"${PODS_ROOT}/Manifest.lock\" > /dev/null\nif [ $? != 0 ] ; then\n    # print error to STDERR\n    echo \"error: The sandbox is not in sync with the Podfile.lock. Run 'pod install' or update your CocoaPods installation.\" >&2\n    exit 1\nfi\n# This output is used by Xcode 'outputs' to avoid re-running this script phase.\necho \"SUCCESS\" > \"${SCRIPT_OUTPUT_FILE_0}\"\n";
			showEnvVarsInLog = 0;
		};
		E3F748B3A6F9FF8F63468722 /* [CP] Check Pods Manifest.lock */ = {
			isa = PBXShellScriptBuildPhase;
			buildActionMask = 2147483647;
			files = (
			);
			inputFileListPaths = (
			);
			inputPaths = (
				"${PODS_PODFILE_DIR_PATH}/Podfile.lock",
				"${PODS_ROOT}/Manifest.lock",
			);
			name = "[CP] Check Pods Manifest.lock";
			outputFileListPaths = (
			);
			outputPaths = (
				"$(DERIVED_FILE_DIR)/Pods-RestoranMenu-checkManifestLockResult.txt",
			);
			runOnlyForDeploymentPostprocessing = 0;
			shellPath = /bin/sh;
			shellScript = "diff \"${PODS_PODFILE_DIR_PATH}/Podfile.lock\" \"${PODS_ROOT}/Manifest.lock\" > /dev/null\nif [ $? != 0 ] ; then\n    # print error to STDERR\n    echo \"error: The sandbox is not in sync with the Podfile.lock. Run 'pod install' or update your CocoaPods installation.\" >&2\n    exit 1\nfi\n# This output is used by Xcode 'outputs' to avoid re-running this script phase.\necho \"SUCCESS\" > \"${SCRIPT_OUTPUT_FILE_0}\"\n";
			showEnvVarsInLog = 0;
		};
/* End PBXShellScriptBuildPhase section */

/* Begin PBXSourcesBuildPhase section */
		6C76846E253999810033112A /* Sources */ = {
			isa = PBXSourcesBuildPhase;
			buildActionMask = 2147483647;
			files = (
				6C6AB553253D721C00248D32 /* UIStoryboard.swift in Sources */,
				6C439461254F75C3007F0A0C /* MapDetailsModel.swift in Sources */,
				6C768480253999810033112A /* RestoranMenu.xcdatamodeld in Sources */,
				6C768476253999810033112A /* AppDelegate.swift in Sources */,
				6C015216254C1AE400F72F50 /* MapDetailsViewController.swift in Sources */,
				6C7684C025399C280033112A /* MainCollectionViewCell.swift in Sources */,
				6C768478253999810033112A /* SceneDelegate.swift in Sources */,
				6C76850F2539BF5F0033112A /* DetailsViewController.swift in Sources */,
				6C7684B725399B250033112A /* MainViewController.swift in Sources */,
				6C8E3D26254B01770032671B /* MainModel.swift in Sources */,
				6C597575253ECFC600F19B63 /* SideMenuViewController.swift in Sources */,
				6C439427254F1E3C007F0A0C /* MapModel.swift in Sources */,
				6C439456254F6BBA007F0A0C /* UIView.swift in Sources */,
				6C76851A2539CD850033112A /* Extentions .swift in Sources */,
				6C8E3D36254B0E740032671B /* UIColor.swift in Sources */,
				6C7684C82539A6590033112A /* NavigationBar.swift in Sources */,
				6C7685262539D5980033112A /* DetailsModel.swift in Sources */,
				6C7685142539C2C10033112A /* DetailsCollectionViewCell.swift in Sources */,
				6C597585253EDB7200F19B63 /* SideMenuModel.swift in Sources */,
				6C015211254C1AC200F72F50 /* MapViewController.swift in Sources */,
			);
			runOnlyForDeploymentPostprocessing = 0;
		};
		6C768487253999830033112A /* Sources */ = {
			isa = PBXSourcesBuildPhase;
			buildActionMask = 2147483647;
			files = (
				6C768490253999830033112A /* RestoranMenuTests.swift in Sources */,
			);
			runOnlyForDeploymentPostprocessing = 0;
		};
		6C768492253999830033112A /* Sources */ = {
			isa = PBXSourcesBuildPhase;
			buildActionMask = 2147483647;
			files = (
				6C76849B253999830033112A /* RestoranMenuUITests.swift in Sources */,
			);
			runOnlyForDeploymentPostprocessing = 0;
		};
/* End PBXSourcesBuildPhase section */

/* Begin PBXTargetDependency section */
		6C76848D253999830033112A /* PBXTargetDependency */ = {
			isa = PBXTargetDependency;
			target = 6C768471253999810033112A /* RestoranMenu */;
			targetProxy = 6C76848C253999830033112A /* PBXContainerItemProxy */;
		};
		6C768498253999830033112A /* PBXTargetDependency */ = {
			isa = PBXTargetDependency;
			target = 6C768471253999810033112A /* RestoranMenu */;
			targetProxy = 6C768497253999830033112A /* PBXContainerItemProxy */;
		};
/* End PBXTargetDependency section */

/* Begin PBXVariantGroup section */
		6C76847B253999810033112A /* Main.storyboard */ = {
			isa = PBXVariantGroup;
			children = (
				6C76847C253999810033112A /* Base */,
			);
			name = Main.storyboard;
			sourceTree = "<group>";
		};
		6C768483253999820033112A /* LaunchScreen.storyboard */ = {
			isa = PBXVariantGroup;
			children = (
				6C768484253999820033112A /* Base */,
			);
			name = LaunchScreen.storyboard;
			sourceTree = "<group>";
		};
/* End PBXVariantGroup section */

/* Begin XCBuildConfiguration section */
		6C76849D253999830033112A /* Debug */ = {
			isa = XCBuildConfiguration;
			buildSettings = {
				ALWAYS_SEARCH_USER_PATHS = NO;
				CLANG_ANALYZER_NONNULL = YES;
				CLANG_ANALYZER_NUMBER_OBJECT_CONVERSION = YES_AGGRESSIVE;
				CLANG_CXX_LANGUAGE_STANDARD = "gnu++14";
				CLANG_CXX_LIBRARY = "libc++";
				CLANG_ENABLE_MODULES = YES;
				CLANG_ENABLE_OBJC_ARC = YES;
				CLANG_ENABLE_OBJC_WEAK = YES;
				CLANG_WARN_BLOCK_CAPTURE_AUTORELEASING = YES;
				CLANG_WARN_BOOL_CONVERSION = YES;
				CLANG_WARN_COMMA = YES;
				CLANG_WARN_CONSTANT_CONVERSION = YES;
				CLANG_WARN_DEPRECATED_OBJC_IMPLEMENTATIONS = YES;
				CLANG_WARN_DIRECT_OBJC_ISA_USAGE = YES_ERROR;
				CLANG_WARN_DOCUMENTATION_COMMENTS = YES;
				CLANG_WARN_EMPTY_BODY = YES;
				CLANG_WARN_ENUM_CONVERSION = YES;
				CLANG_WARN_INFINITE_RECURSION = YES;
				CLANG_WARN_INT_CONVERSION = YES;
				CLANG_WARN_NON_LITERAL_NULL_CONVERSION = YES;
				CLANG_WARN_OBJC_IMPLICIT_RETAIN_SELF = YES;
				CLANG_WARN_OBJC_LITERAL_CONVERSION = YES;
				CLANG_WARN_OBJC_ROOT_CLASS = YES_ERROR;
				CLANG_WARN_QUOTED_INCLUDE_IN_FRAMEWORK_HEADER = YES;
				CLANG_WARN_RANGE_LOOP_ANALYSIS = YES;
				CLANG_WARN_STRICT_PROTOTYPES = YES;
				CLANG_WARN_SUSPICIOUS_MOVE = YES;
				CLANG_WARN_UNGUARDED_AVAILABILITY = YES_AGGRESSIVE;
				CLANG_WARN_UNREACHABLE_CODE = YES;
				CLANG_WARN__DUPLICATE_METHOD_MATCH = YES;
				COPY_PHASE_STRIP = NO;
				DEBUG_INFORMATION_FORMAT = dwarf;
				ENABLE_STRICT_OBJC_MSGSEND = YES;
				ENABLE_TESTABILITY = YES;
				GCC_C_LANGUAGE_STANDARD = gnu11;
				GCC_DYNAMIC_NO_PIC = NO;
				GCC_NO_COMMON_BLOCKS = YES;
				GCC_OPTIMIZATION_LEVEL = 0;
				GCC_PREPROCESSOR_DEFINITIONS = (
					"DEBUG=1",
					"$(inherited)",
				);
				GCC_WARN_64_TO_32_BIT_CONVERSION = YES;
				GCC_WARN_ABOUT_RETURN_TYPE = YES_ERROR;
				GCC_WARN_UNDECLARED_SELECTOR = YES;
				GCC_WARN_UNINITIALIZED_AUTOS = YES_AGGRESSIVE;
				GCC_WARN_UNUSED_FUNCTION = YES;
				GCC_WARN_UNUSED_VARIABLE = YES;
				IPHONEOS_DEPLOYMENT_TARGET = 14.0;
				MTL_ENABLE_DEBUG_INFO = INCLUDE_SOURCE;
				MTL_FAST_MATH = YES;
				ONLY_ACTIVE_ARCH = YES;
				SDKROOT = iphoneos;
				SWIFT_ACTIVE_COMPILATION_CONDITIONS = DEBUG;
				SWIFT_OPTIMIZATION_LEVEL = "-Onone";
			};
			name = Debug;
		};
		6C76849E253999830033112A /* Release */ = {
			isa = XCBuildConfiguration;
			buildSettings = {
				ALWAYS_SEARCH_USER_PATHS = NO;
				CLANG_ANALYZER_NONNULL = YES;
				CLANG_ANALYZER_NUMBER_OBJECT_CONVERSION = YES_AGGRESSIVE;
				CLANG_CXX_LANGUAGE_STANDARD = "gnu++14";
				CLANG_CXX_LIBRARY = "libc++";
				CLANG_ENABLE_MODULES = YES;
				CLANG_ENABLE_OBJC_ARC = YES;
				CLANG_ENABLE_OBJC_WEAK = YES;
				CLANG_WARN_BLOCK_CAPTURE_AUTORELEASING = YES;
				CLANG_WARN_BOOL_CONVERSION = YES;
				CLANG_WARN_COMMA = YES;
				CLANG_WARN_CONSTANT_CONVERSION = YES;
				CLANG_WARN_DEPRECATED_OBJC_IMPLEMENTATIONS = YES;
				CLANG_WARN_DIRECT_OBJC_ISA_USAGE = YES_ERROR;
				CLANG_WARN_DOCUMENTATION_COMMENTS = YES;
				CLANG_WARN_EMPTY_BODY = YES;
				CLANG_WARN_ENUM_CONVERSION = YES;
				CLANG_WARN_INFINITE_RECURSION = YES;
				CLANG_WARN_INT_CONVERSION = YES;
				CLANG_WARN_NON_LITERAL_NULL_CONVERSION = YES;
				CLANG_WARN_OBJC_IMPLICIT_RETAIN_SELF = YES;
				CLANG_WARN_OBJC_LITERAL_CONVERSION = YES;
				CLANG_WARN_OBJC_ROOT_CLASS = YES_ERROR;
				CLANG_WARN_QUOTED_INCLUDE_IN_FRAMEWORK_HEADER = YES;
				CLANG_WARN_RANGE_LOOP_ANALYSIS = YES;
				CLANG_WARN_STRICT_PROTOTYPES = YES;
				CLANG_WARN_SUSPICIOUS_MOVE = YES;
				CLANG_WARN_UNGUARDED_AVAILABILITY = YES_AGGRESSIVE;
				CLANG_WARN_UNREACHABLE_CODE = YES;
				CLANG_WARN__DUPLICATE_METHOD_MATCH = YES;
				COPY_PHASE_STRIP = NO;
				DEBUG_INFORMATION_FORMAT = "dwarf-with-dsym";
				ENABLE_NS_ASSERTIONS = NO;
				ENABLE_STRICT_OBJC_MSGSEND = YES;
				GCC_C_LANGUAGE_STANDARD = gnu11;
				GCC_NO_COMMON_BLOCKS = YES;
				GCC_WARN_64_TO_32_BIT_CONVERSION = YES;
				GCC_WARN_ABOUT_RETURN_TYPE = YES_ERROR;
				GCC_WARN_UNDECLARED_SELECTOR = YES;
				GCC_WARN_UNINITIALIZED_AUTOS = YES_AGGRESSIVE;
				GCC_WARN_UNUSED_FUNCTION = YES;
				GCC_WARN_UNUSED_VARIABLE = YES;
				IPHONEOS_DEPLOYMENT_TARGET = 14.0;
				MTL_ENABLE_DEBUG_INFO = NO;
				MTL_FAST_MATH = YES;
				SDKROOT = iphoneos;
				SWIFT_COMPILATION_MODE = wholemodule;
				SWIFT_OPTIMIZATION_LEVEL = "-O";
				VALIDATE_PRODUCT = YES;
			};
			name = Release;
		};
		6C7684A0253999830033112A /* Debug */ = {
			isa = XCBuildConfiguration;
			baseConfigurationReference = 8EC76CDFFABBB419094C8EC6 /* Pods-RestoranMenu.debug.xcconfig */;
			buildSettings = {
				ASSETCATALOG_COMPILER_APPICON_NAME = "AppIcon-1";
				ASSETCATALOG_COMPILER_GLOBAL_ACCENT_COLOR_NAME = AccentColor;
				CODE_SIGN_STYLE = Automatic;
				DEVELOPMENT_TEAM = BC29D2LE73;
				INFOPLIST_FILE = "RestoranMenu/Supporting Files/Plist/Info.plist";
				IPHONEOS_DEPLOYMENT_TARGET = 13.0;
				LD_RUNPATH_SEARCH_PATHS = (
					"$(inherited)",
					"@executable_path/Frameworks",
				);
				PRODUCT_BUNDLE_IDENTIFIER = com.PortalGrup.RestoranMenu;
				PRODUCT_NAME = "$(TARGET_NAME)";
				SWIFT_VERSION = 5.0;
				TARGETED_DEVICE_FAMILY = "1,2";
			};
			name = Debug;
		};
		6C7684A1253999830033112A /* Release */ = {
			isa = XCBuildConfiguration;
			baseConfigurationReference = 55784CC39CBCAD5FC2DD314F /* Pods-RestoranMenu.release.xcconfig */;
			buildSettings = {
				ASSETCATALOG_COMPILER_APPICON_NAME = "AppIcon-1";
				ASSETCATALOG_COMPILER_GLOBAL_ACCENT_COLOR_NAME = AccentColor;
				CODE_SIGN_STYLE = Automatic;
				DEVELOPMENT_TEAM = BC29D2LE73;
				INFOPLIST_FILE = "RestoranMenu/Supporting Files/Plist/Info.plist";
				IPHONEOS_DEPLOYMENT_TARGET = 13.0;
				LD_RUNPATH_SEARCH_PATHS = (
					"$(inherited)",
					"@executable_path/Frameworks",
				);
				PRODUCT_BUNDLE_IDENTIFIER = com.PortalGrup.RestoranMenu;
				PRODUCT_NAME = "$(TARGET_NAME)";
				SWIFT_VERSION = 5.0;
				TARGETED_DEVICE_FAMILY = "1,2";
			};
			name = Release;
		};
		6C7684A3253999830033112A /* Debug */ = {
			isa = XCBuildConfiguration;
			baseConfigurationReference = F7E0A769B62CFB6FC94E1CA8 /* Pods-RestoranMenuTests.debug.xcconfig */;
			buildSettings = {
				ALWAYS_EMBED_SWIFT_STANDARD_LIBRARIES = YES;
				BUNDLE_LOADER = "$(TEST_HOST)";
				CODE_SIGN_STYLE = Automatic;
				DEVELOPMENT_TEAM = BC29D2LE73;
				INFOPLIST_FILE = RestoranMenuTests/Info.plist;
				IPHONEOS_DEPLOYMENT_TARGET = 14.0;
				LD_RUNPATH_SEARCH_PATHS = (
					"$(inherited)",
					"@executable_path/Frameworks",
					"@loader_path/Frameworks",
				);
				PRODUCT_BUNDLE_IDENTIFIER = com.PortalGrup.RestoranMenuTests;
				PRODUCT_NAME = "$(TARGET_NAME)";
				SWIFT_VERSION = 5.0;
				TARGETED_DEVICE_FAMILY = "1,2";
				TEST_HOST = "$(BUILT_PRODUCTS_DIR)/RestoranMenu.app/RestoranMenu";
			};
			name = Debug;
		};
		6C7684A4253999830033112A /* Release */ = {
			isa = XCBuildConfiguration;
			baseConfigurationReference = D8FFA54A1266239A804E1656 /* Pods-RestoranMenuTests.release.xcconfig */;
			buildSettings = {
				ALWAYS_EMBED_SWIFT_STANDARD_LIBRARIES = YES;
				BUNDLE_LOADER = "$(TEST_HOST)";
				CODE_SIGN_STYLE = Automatic;
				DEVELOPMENT_TEAM = BC29D2LE73;
				INFOPLIST_FILE = RestoranMenuTests/Info.plist;
				IPHONEOS_DEPLOYMENT_TARGET = 14.0;
				LD_RUNPATH_SEARCH_PATHS = (
					"$(inherited)",
					"@executable_path/Frameworks",
					"@loader_path/Frameworks",
				);
				PRODUCT_BUNDLE_IDENTIFIER = com.PortalGrup.RestoranMenuTests;
				PRODUCT_NAME = "$(TARGET_NAME)";
				SWIFT_VERSION = 5.0;
				TARGETED_DEVICE_FAMILY = "1,2";
				TEST_HOST = "$(BUILT_PRODUCTS_DIR)/RestoranMenu.app/RestoranMenu";
			};
			name = Release;
		};
		6C7684A6253999830033112A /* Debug */ = {
			isa = XCBuildConfiguration;
			baseConfigurationReference = B04E8F8E6B19972FB775FE8D /* Pods-RestoranMenu-RestoranMenuUITests.debug.xcconfig */;
			buildSettings = {
				ALWAYS_EMBED_SWIFT_STANDARD_LIBRARIES = YES;
				CODE_SIGN_STYLE = Automatic;
				DEVELOPMENT_TEAM = BC29D2LE73;
				INFOPLIST_FILE = RestoranMenuUITests/Info.plist;
				LD_RUNPATH_SEARCH_PATHS = (
					"$(inherited)",
					"@executable_path/Frameworks",
					"@loader_path/Frameworks",
				);
				PRODUCT_BUNDLE_IDENTIFIER = com.PortalGrup.RestoranMenuUITests;
				PRODUCT_NAME = "$(TARGET_NAME)";
				SWIFT_VERSION = 5.0;
				TARGETED_DEVICE_FAMILY = "1,2";
				TEST_TARGET_NAME = RestoranMenu;
			};
			name = Debug;
		};
		6C7684A7253999830033112A /* Release */ = {
			isa = XCBuildConfiguration;
			baseConfigurationReference = ECF6DB2ECE15CE988667C3CD /* Pods-RestoranMenu-RestoranMenuUITests.release.xcconfig */;
			buildSettings = {
				ALWAYS_EMBED_SWIFT_STANDARD_LIBRARIES = YES;
				CODE_SIGN_STYLE = Automatic;
				DEVELOPMENT_TEAM = BC29D2LE73;
				INFOPLIST_FILE = RestoranMenuUITests/Info.plist;
				LD_RUNPATH_SEARCH_PATHS = (
					"$(inherited)",
					"@executable_path/Frameworks",
					"@loader_path/Frameworks",
				);
				PRODUCT_BUNDLE_IDENTIFIER = com.PortalGrup.RestoranMenuUITests;
				PRODUCT_NAME = "$(TARGET_NAME)";
				SWIFT_VERSION = 5.0;
				TARGETED_DEVICE_FAMILY = "1,2";
				TEST_TARGET_NAME = RestoranMenu;
			};
			name = Release;
		};
/* End XCBuildConfiguration section */

/* Begin XCConfigurationList section */
		6C76846D253999810033112A /* Build configuration list for PBXProject "RestoranMenu" */ = {
			isa = XCConfigurationList;
			buildConfigurations = (
				6C76849D253999830033112A /* Debug */,
				6C76849E253999830033112A /* Release */,
			);
			defaultConfigurationIsVisible = 0;
			defaultConfigurationName = Release;
		};
		6C76849F253999830033112A /* Build configuration list for PBXNativeTarget "RestoranMenu" */ = {
			isa = XCConfigurationList;
			buildConfigurations = (
				6C7684A0253999830033112A /* Debug */,
				6C7684A1253999830033112A /* Release */,
			);
			defaultConfigurationIsVisible = 0;
			defaultConfigurationName = Release;
		};
		6C7684A2253999830033112A /* Build configuration list for PBXNativeTarget "RestoranMenuTests" */ = {
			isa = XCConfigurationList;
			buildConfigurations = (
				6C7684A3253999830033112A /* Debug */,
				6C7684A4253999830033112A /* Release */,
			);
			defaultConfigurationIsVisible = 0;
			defaultConfigurationName = Release;
		};
		6C7684A5253999830033112A /* Build configuration list for PBXNativeTarget "RestoranMenuUITests" */ = {
			isa = XCConfigurationList;
			buildConfigurations = (
				6C7684A6253999830033112A /* Debug */,
				6C7684A7253999830033112A /* Release */,
			);
			defaultConfigurationIsVisible = 0;
			defaultConfigurationName = Release;
		};
/* End XCConfigurationList section */

/* Begin XCVersionGroup section */
		6C76847E253999810033112A /* RestoranMenu.xcdatamodeld */ = {
			isa = XCVersionGroup;
			children = (
				6C76847F253999810033112A /* RestoranMenu.xcdatamodel */,
			);
			currentVersion = 6C76847F253999810033112A /* RestoranMenu.xcdatamodel */;
			path = RestoranMenu.xcdatamodeld;
			sourceTree = "<group>";
			versionGroupType = wrapper.xcdatamodel;
		};
/* End XCVersionGroup section */
	};
	rootObject = 6C76846A253999810033112A /* Project object */;
}
